// !$*UTF8*$!
{
	archiveVersion = 1;
	classes = {
	};
	objectVersion = 51;
	objects = {

/* Begin PBXBuildFile section */
		5F6B1BFC4CFE4D505AA494D6 /* Pods_ProjectGaruda.framework in Frameworks */ = {isa = PBXBuildFile; fileRef = 14306C813541F34512CF5717 /* Pods_ProjectGaruda.framework */; };
		DB24E54024E7BF480020F968 /* GoogleService-Info.plist in Resources */ = {isa = PBXBuildFile; fileRef = DB24E53F24E7BF480020F968 /* GoogleService-Info.plist */; };
		DB24E54224E7C0D60020F968 /* userData.swift in Sources */ = {isa = PBXBuildFile; fileRef = DB24E54124E7C0D60020F968 /* userData.swift */; };
		DB24E54524E7C1650020F968 /* teacherData.swift in Sources */ = {isa = PBXBuildFile; fileRef = DB24E54424E7C1650020F968 /* teacherData.swift */; };
		DB24E54924E7C2590020F968 /* studentEnterCategoryVC.swift in Sources */ = {isa = PBXBuildFile; fileRef = DB24E54824E7C2590020F968 /* studentEnterCategoryVC.swift */; };
		DB2DE26824E7B7C40090C62A /* AppDelegate.swift in Sources */ = {isa = PBXBuildFile; fileRef = DB2DE26724E7B7C40090C62A /* AppDelegate.swift */; };
		DB2DE26A24E7B7C40090C62A /* SceneDelegate.swift in Sources */ = {isa = PBXBuildFile; fileRef = DB2DE26924E7B7C40090C62A /* SceneDelegate.swift */; };
		DB2DE26C24E7B7C40090C62A /* loginVC.swift in Sources */ = {isa = PBXBuildFile; fileRef = DB2DE26B24E7B7C40090C62A /* loginVC.swift */; };
		DB2DE26F24E7B7C40090C62A /* Main.storyboard in Resources */ = {isa = PBXBuildFile; fileRef = DB2DE26D24E7B7C40090C62A /* Main.storyboard */; };
		DB2DE27124E7B7C80090C62A /* Assets.xcassets in Resources */ = {isa = PBXBuildFile; fileRef = DB2DE27024E7B7C70090C62A /* Assets.xcassets */; };
		DB2DE27424E7B7C80090C62A /* LaunchScreen.storyboard in Resources */ = {isa = PBXBuildFile; fileRef = DB2DE27224E7B7C80090C62A /* LaunchScreen.storyboard */; };
/* End PBXBuildFile section */

/* Begin PBXFileReference section */
		14306C813541F34512CF5717 /* Pods_ProjectGaruda.framework */ = {isa = PBXFileReference; explicitFileType = wrapper.framework; includeInIndex = 0; path = Pods_ProjectGaruda.framework; sourceTree = BUILT_PRODUCTS_DIR; };
		49CD49A9C162D2A9BD4092E7 /* Pods-ProjectGaruda.debug.xcconfig */ = {isa = PBXFileReference; includeInIndex = 1; lastKnownFileType = text.xcconfig; name = "Pods-ProjectGaruda.debug.xcconfig"; path = "Target Support Files/Pods-ProjectGaruda/Pods-ProjectGaruda.debug.xcconfig"; sourceTree = "<group>"; };
		D9C0F62D907609FF626D5992 /* Pods-ProjectGaruda.release.xcconfig */ = {isa = PBXFileReference; includeInIndex = 1; lastKnownFileType = text.xcconfig; name = "Pods-ProjectGaruda.release.xcconfig"; path = "Target Support Files/Pods-ProjectGaruda/Pods-ProjectGaruda.release.xcconfig"; sourceTree = "<group>"; };
		DB24E53F24E7BF480020F968 /* GoogleService-Info.plist */ = {isa = PBXFileReference; fileEncoding = 4; lastKnownFileType = text.plist.xml; path = "GoogleService-Info.plist"; sourceTree = "<group>"; };
		DB24E54124E7C0D60020F968 /* userData.swift */ = {isa = PBXFileReference; lastKnownFileType = sourcecode.swift; path = userData.swift; sourceTree = "<group>"; };
		DB24E54424E7C1650020F968 /* teacherData.swift */ = {isa = PBXFileReference; lastKnownFileType = sourcecode.swift; path = teacherData.swift; sourceTree = "<group>"; };
		DB24E54824E7C2590020F968 /* studentEnterCategoryVC.swift */ = {isa = PBXFileReference; lastKnownFileType = sourcecode.swift; path = studentEnterCategoryVC.swift; sourceTree = "<group>"; };
		DB2DE26424E7B7C40090C62A /* ProjectGaruda.app */ = {isa = PBXFileReference; explicitFileType = wrapper.application; includeInIndex = 0; path = ProjectGaruda.app; sourceTree = BUILT_PRODUCTS_DIR; };
		DB2DE26724E7B7C40090C62A /* AppDelegate.swift */ = {isa = PBXFileReference; lastKnownFileType = sourcecode.swift; path = AppDelegate.swift; sourceTree = "<group>"; };
		DB2DE26924E7B7C40090C62A /* SceneDelegate.swift */ = {isa = PBXFileReference; lastKnownFileType = sourcecode.swift; path = SceneDelegate.swift; sourceTree = "<group>"; };
		DB2DE26B24E7B7C40090C62A /* loginVC.swift */ = {isa = PBXFileReference; lastKnownFileType = sourcecode.swift; path = loginVC.swift; sourceTree = "<group>"; };
		DB2DE26E24E7B7C40090C62A /* Base */ = {isa = PBXFileReference; lastKnownFileType = file.storyboard; name = Base; path = Base.lproj/Main.storyboard; sourceTree = "<group>"; };
		DB2DE27024E7B7C70090C62A /* Assets.xcassets */ = {isa = PBXFileReference; lastKnownFileType = folder.assetcatalog; path = Assets.xcassets; sourceTree = "<group>"; };
		DB2DE27324E7B7C80090C62A /* Base */ = {isa = PBXFileReference; lastKnownFileType = file.storyboard; name = Base; path = Base.lproj/LaunchScreen.storyboard; sourceTree = "<group>"; };
		DB2DE27524E7B7C80090C62A /* Info.plist */ = {isa = PBXFileReference; lastKnownFileType = text.plist.xml; path = Info.plist; sourceTree = "<group>"; };
/* End PBXFileReference section */

/* Begin PBXFrameworksBuildPhase section */
		DB2DE26124E7B7C40090C62A /* Frameworks */ = {
			isa = PBXFrameworksBuildPhase;
			buildActionMask = 2147483647;
			files = (
				5F6B1BFC4CFE4D505AA494D6 /* Pods_ProjectGaruda.framework in Frameworks */,
			);
			runOnlyForDeploymentPostprocessing = 0;
		};
/* End PBXFrameworksBuildPhase section */

/* Begin PBXGroup section */
		166C78F01717C12BED440A25 /* Frameworks */ = {
			isa = PBXGroup;
			children = (
				14306C813541F34512CF5717 /* Pods_ProjectGaruda.framework */,
			);
			name = Frameworks;
			sourceTree = "<group>";
		};
		7E20D23D1AA823FBEBB5071C /* Pods */ = {
			isa = PBXGroup;
			children = (
				49CD49A9C162D2A9BD4092E7 /* Pods-ProjectGaruda.debug.xcconfig */,
				D9C0F62D907609FF626D5992 /* Pods-ProjectGaruda.release.xcconfig */,
			);
			path = Pods;
			sourceTree = "<group>";
		};
		DB24E54324E7C0DE0020F968 /* Model */ = {
			isa = PBXGroup;
			children = (
				DB24E54124E7C0D60020F968 /* userData.swift */,
				DB24E54424E7C1650020F968 /* teacherData.swift */,
			);
			path = Model;
			sourceTree = "<group>";
		};
		DB2DE25B24E7B7C40090C62A = {
			isa = PBXGroup;
			children = (
				DB2DE26624E7B7C40090C62A /* ProjectGaruda */,
				DB2DE26524E7B7C40090C62A /* Products */,
				7E20D23D1AA823FBEBB5071C /* Pods */,
				166C78F01717C12BED440A25 /* Frameworks */,
			);
			sourceTree = "<group>";
		};
		DB2DE26524E7B7C40090C62A /* Products */ = {
			isa = PBXGroup;
			children = (
				DB2DE26424E7B7C40090C62A /* ProjectGaruda.app */,
			);
			name = Products;
			sourceTree = "<group>";
		};
		DB2DE26624E7B7C40090C62A /* ProjectGaruda */ = {
			isa = PBXGroup;
			children = (
				DB24E53F24E7BF480020F968 /* GoogleService-Info.plist */,
				DB2DE26724E7B7C40090C62A /* AppDelegate.swift */,
				DB2DE26924E7B7C40090C62A /* SceneDelegate.swift */,
				DB24E54324E7C0DE0020F968 /* Model */,
				DB2DE27B24E7BA0D0090C62A /* View */,
				DB2DE27C24E7BA1A0090C62A /* Controller */,
				DB2DE27024E7B7C70090C62A /* Assets.xcassets */,
				DB2DE27224E7B7C80090C62A /* LaunchScreen.storyboard */,
				DB2DE27524E7B7C80090C62A /* Info.plist */,
			);
			path = ProjectGaruda;
			sourceTree = "<group>";
		};
		DB2DE27B24E7BA0D0090C62A /* View */ = {
			isa = PBXGroup;
			children = (
				DB2DE26D24E7B7C40090C62A /* Main.storyboard */,
			);
			path = View;
			sourceTree = "<group>";
		};
		DB2DE27C24E7BA1A0090C62A /* Controller */ = {
			isa = PBXGroup;
			children = (
				DB2DE26B24E7B7C40090C62A /* loginVC.swift */,
				DB24E54824E7C2590020F968 /* studentEnterCategoryVC.swift */,
			);
			path = Controller;
			sourceTree = "<group>";
		};
/* End PBXGroup section */

/* Begin PBXNativeTarget section */
		DB2DE26324E7B7C40090C62A /* ProjectGaruda */ = {
			isa = PBXNativeTarget;
			buildConfigurationList = DB2DE27824E7B7C80090C62A /* Build configuration list for PBXNativeTarget "ProjectGaruda" */;
			buildPhases = (
				BD5C58B8F83BBAFDA3B9D72C /* [CP] Check Pods Manifest.lock */,
				DB2DE26024E7B7C40090C62A /* Sources */,
				DB2DE26124E7B7C40090C62A /* Frameworks */,
				DB2DE26224E7B7C40090C62A /* Resources */,
				C542ACA9B8A4707907B5AC71 /* [CP] Embed Pods Frameworks */,
			);
			buildRules = (
			);
			dependencies = (
			);
			name = ProjectGaruda;
			productName = ProjectGaruda;
			productReference = DB2DE26424E7B7C40090C62A /* ProjectGaruda.app */;
			productType = "com.apple.product-type.application";
		};
/* End PBXNativeTarget section */

/* Begin PBXProject section */
		DB2DE25C24E7B7C40090C62A /* Project object */ = {
			isa = PBXProject;
			attributes = {
				LastSwiftUpdateCheck = 1160;
				LastUpgradeCheck = 1160;
				ORGANIZATIONNAME = "Glenn Melkior";
				TargetAttributes = {
					DB2DE26324E7B7C40090C62A = {
						CreatedOnToolsVersion = 11.6;
					};
				};
			};
			buildConfigurationList = DB2DE25F24E7B7C40090C62A /* Build configuration list for PBXProject "ProjectGaruda" */;
			compatibilityVersion = "Xcode 9.3";
			developmentRegion = en;
			hasScannedForEncodings = 0;
			knownRegions = (
				en,
				Base,
			);
			mainGroup = DB2DE25B24E7B7C40090C62A;
			productRefGroup = DB2DE26524E7B7C40090C62A /* Products */;
			projectDirPath = "";
			projectRoot = "";
			targets = (
				DB2DE26324E7B7C40090C62A /* ProjectGaruda */,
			);
		};
/* End PBXProject section */

/* Begin PBXResourcesBuildPhase section */
		DB2DE26224E7B7C40090C62A /* Resources */ = {
			isa = PBXResourcesBuildPhase;
			buildActionMask = 2147483647;
			files = (
				DB2DE27424E7B7C80090C62A /* LaunchScreen.storyboard in Resources */,
				DB2DE27124E7B7C80090C62A /* Assets.xcassets in Resources */,
				DB24E54024E7BF480020F968 /* GoogleService-Info.plist in Resources */,
				DB2DE26F24E7B7C40090C62A /* Main.storyboard in Resources */,
			);
			runOnlyForDeploymentPostprocessing = 0;
		};
/* End PBXResourcesBuildPhase section */

/* Begin PBXShellScriptBuildPhase section */
		BD5C58B8F83BBAFDA3B9D72C /* [CP] Check Pods Manifest.lock */ = {
			isa = PBXShellScriptBuildPhase;
			buildActionMask = 2147483647;
			files = (
			);
			inputFileListPaths = (
			);
			inputPaths = (
				"${PODS_PODFILE_DIR_PATH}/Podfile.lock",
				"${PODS_ROOT}/Manifest.lock",
			);
			name = "[CP] Check Pods Manifest.lock";
			outputFileListPaths = (
			);
			outputPaths = (
				"$(DERIVED_FILE_DIR)/Pods-ProjectGaruda-checkManifestLockResult.txt",
			);
			runOnlyForDeploymentPostprocessing = 0;
			shellPath = /bin/sh;
			shellScript = "diff \"${PODS_PODFILE_DIR_PATH}/Podfile.lock\" \"${PODS_ROOT}/Manifest.lock\" > /dev/null\nif [ $? != 0 ] ; then\n    # print error to STDERR\n    echo \"error: The sandbox is not in sync with the Podfile.lock. Run 'pod install' or update your CocoaPods installation.\" >&2\n    exit 1\nfi\n# This output is used by Xcode 'outputs' to avoid re-running this script phase.\necho \"SUCCESS\" > \"${SCRIPT_OUTPUT_FILE_0}\"\n";
			showEnvVarsInLog = 0;
		};
		C542ACA9B8A4707907B5AC71 /* [CP] Embed Pods Frameworks */ = {
			isa = PBXShellScriptBuildPhase;
			buildActionMask = 2147483647;
			files = (
			);
			inputFileListPaths = (
				"${PODS_ROOT}/Target Support Files/Pods-ProjectGaruda/Pods-ProjectGaruda-frameworks-${CONFIGURATION}-input-files.xcfilelist",
			);
			name = "[CP] Embed Pods Frameworks";
			outputFileListPaths = (
				"${PODS_ROOT}/Target Support Files/Pods-ProjectGaruda/Pods-ProjectGaruda-frameworks-${CONFIGURATION}-output-files.xcfilelist",
			);
			runOnlyForDeploymentPostprocessing = 0;
			shellPath = /bin/sh;
			shellScript = "\"${PODS_ROOT}/Target Support Files/Pods-ProjectGaruda/Pods-ProjectGaruda-frameworks.sh\"\n";
			showEnvVarsInLog = 0;
		};
/* End PBXShellScriptBuildPhase section */

/* Begin PBXSourcesBuildPhase section */
		DB2DE26024E7B7C40090C62A /* Sources */ = {
			isa = PBXSourcesBuildPhase;
			buildActionMask = 2147483647;
			files = (
				DB24E54224E7C0D60020F968 /* userData.swift in Sources */,
				DB24E54924E7C2590020F968 /* studentEnterCategoryVC.swift in Sources */,
				DB24E54524E7C1650020F968 /* teacherData.swift in Sources */,
				DB2DE26C24E7B7C40090C62A /* loginVC.swift in Sources */,
				DB2DE26824E7B7C40090C62A /* AppDelegate.swift in Sources */,
				DB2DE26A24E7B7C40090C62A /* SceneDelegate.swift in Sources */,
			);
			runOnlyForDeploymentPostprocessing = 0;
		};
/* End PBXSourcesBuildPhase section */

/* Begin PBXVariantGroup section */
		DB2DE26D24E7B7C40090C62A /* Main.storyboard */ = {
			isa = PBXVariantGroup;
			children = (
				DB2DE26E24E7B7C40090C62A /* Base */,
			);
			name = Main.storyboard;
			sourceTree = "<group>";
		};
		DB2DE27224E7B7C80090C62A /* LaunchScreen.storyboard */ = {
			isa = PBXVariantGroup;
			children = (
				DB2DE27324E7B7C80090C62A /* Base */,
			);
			name = LaunchScreen.storyboard;
			sourceTree = "<group>";
		};
/* End PBXVariantGroup section */

/* Begin XCBuildConfiguration section */
		DB2DE27624E7B7C80090C62A /* Debug */ = {
			isa = XCBuildConfiguration;
			buildSettings = {
				ALWAYS_SEARCH_USER_PATHS = NO;
				CLANG_ANALYZER_NONNULL = YES;
				CLANG_ANALYZER_NUMBER_OBJECT_CONVERSION = YES_AGGRESSIVE;
				CLANG_CXX_LANGUAGE_STANDARD = "gnu++14";
				CLANG_CXX_LIBRARY = "libc++";
				CLANG_ENABLE_MODULES = YES;
				CLANG_ENABLE_OBJC_ARC = YES;
				CLANG_ENABLE_OBJC_WEAK = YES;
				CLANG_WARN_BLOCK_CAPTURE_AUTORELEASING = YES;
				CLANG_WARN_BOOL_CONVERSION = YES;
				CLANG_WARN_COMMA = YES;
				CLANG_WARN_CONSTANT_CONVERSION = YES;
				CLANG_WARN_DEPRECATED_OBJC_IMPLEMENTATIONS = YES;
				CLANG_WARN_DIRECT_OBJC_ISA_USAGE = YES_ERROR;
				CLANG_WARN_DOCUMENTATION_COMMENTS = YES;
				CLANG_WARN_EMPTY_BODY = YES;
				CLANG_WARN_ENUM_CONVERSION = YES;
				CLANG_WARN_INFINITE_RECURSION = YES;
				CLANG_WARN_INT_CONVERSION = YES;
				CLANG_WARN_NON_LITERAL_NULL_CONVERSION = YES;
				CLANG_WARN_OBJC_IMPLICIT_RETAIN_SELF = YES;
				CLANG_WARN_OBJC_LITERAL_CONVERSION = YES;
				CLANG_WARN_OBJC_ROOT_CLASS = YES_ERROR;
				CLANG_WARN_RANGE_LOOP_ANALYSIS = YES;
				CLANG_WARN_STRICT_PROTOTYPES = YES;
				CLANG_WARN_SUSPICIOUS_MOVE = YES;
				CLANG_WARN_UNGUARDED_AVAILABILITY = YES_AGGRESSIVE;
				CLANG_WARN_UNREACHABLE_CODE = YES;
				CLANG_WARN__DUPLICATE_METHOD_MATCH = YES;
				COPY_PHASE_STRIP = NO;
				DEBUG_INFORMATION_FORMAT = dwarf;
				ENABLE_STRICT_OBJC_MSGSEND = YES;
				ENABLE_TESTABILITY = YES;
				GCC_C_LANGUAGE_STANDARD = gnu11;
				GCC_DYNAMIC_NO_PIC = NO;
				GCC_NO_COMMON_BLOCKS = YES;
				GCC_OPTIMIZATION_LEVEL = 0;
				GCC_PREPROCESSOR_DEFINITIONS = (
					"DEBUG=1",
					"$(inherited)",
				);
				GCC_WARN_64_TO_32_BIT_CONVERSION = YES;
				GCC_WARN_ABOUT_RETURN_TYPE = YES_ERROR;
				GCC_WARN_UNDECLARED_SELECTOR = YES;
				GCC_WARN_UNINITIALIZED_AUTOS = YES_AGGRESSIVE;
				GCC_WARN_UNUSED_FUNCTION = YES;
				GCC_WARN_UNUSED_VARIABLE = YES;
				IPHONEOS_DEPLOYMENT_TARGET = 13.6;
				MTL_ENABLE_DEBUG_INFO = INCLUDE_SOURCE;
				MTL_FAST_MATH = YES;
				ONLY_ACTIVE_ARCH = YES;
				SDKROOT = iphoneos;
				SWIFT_ACTIVE_COMPILATION_CONDITIONS = DEBUG;
				SWIFT_OPTIMIZATION_LEVEL = "-Onone";
			};
			name = Debug;
		};
		DB2DE27724E7B7C80090C62A /* Release */ = {
			isa = XCBuildConfiguration;
			buildSettings = {
				ALWAYS_SEARCH_USER_PATHS = NO;
				CLANG_ANALYZER_NONNULL = YES;
				CLANG_ANALYZER_NUMBER_OBJECT_CONVERSION = YES_AGGRESSIVE;
				CLANG_CXX_LANGUAGE_STANDARD = "gnu++14";
				CLANG_CXX_LIBRARY = "libc++";
				CLANG_ENABLE_MODULES = YES;
				CLANG_ENABLE_OBJC_ARC = YES;
				CLANG_ENABLE_OBJC_WEAK = YES;
				CLANG_WARN_BLOCK_CAPTURE_AUTORELEASING = YES;
				CLANG_WARN_BOOL_CONVERSION = YES;
				CLANG_WARN_COMMA = YES;
				CLANG_WARN_CONSTANT_CONVERSION = YES;
				CLANG_WARN_DEPRECATED_OBJC_IMPLEMENTATIONS = YES;
				CLANG_WARN_DIRECT_OBJC_ISA_USAGE = YES_ERROR;
				CLANG_WARN_DOCUMENTATION_COMMENTS = YES;
				CLANG_WARN_EMPTY_BODY = YES;
				CLANG_WARN_ENUM_CONVERSION = YES;
				CLANG_WARN_INFINITE_RECURSION = YES;
				CLANG_WARN_INT_CONVERSION = YES;
				CLANG_WARN_NON_LITERAL_NULL_CONVERSION = YES;
				CLANG_WARN_OBJC_IMPLICIT_RETAIN_SELF = YES;
				CLANG_WARN_OBJC_LITERAL_CONVERSION = YES;
				CLANG_WARN_OBJC_ROOT_CLASS = YES_ERROR;
				CLANG_WARN_RANGE_LOOP_ANALYSIS = YES;
				CLANG_WARN_STRICT_PROTOTYPES = YES;
				CLANG_WARN_SUSPICIOUS_MOVE = YES;
				CLANG_WARN_UNGUARDED_AVAILABILITY = YES_AGGRESSIVE;
				CLANG_WARN_UNREACHABLE_CODE = YES;
				CLANG_WARN__DUPLICATE_METHOD_MATCH = YES;
				COPY_PHASE_STRIP = NO;
				DEBUG_INFORMATION_FORMAT = "dwarf-with-dsym";
				ENABLE_NS_ASSERTIONS = NO;
				ENABLE_STRICT_OBJC_MSGSEND = YES;
				GCC_C_LANGUAGE_STANDARD = gnu11;
				GCC_NO_COMMON_BLOCKS = YES;
				GCC_WARN_64_TO_32_BIT_CONVERSION = YES;
				GCC_WARN_ABOUT_RETURN_TYPE = YES_ERROR;
				GCC_WARN_UNDECLARED_SELECTOR = YES;
				GCC_WARN_UNINITIALIZED_AUTOS = YES_AGGRESSIVE;
				GCC_WARN_UNUSED_FUNCTION = YES;
				GCC_WARN_UNUSED_VARIABLE = YES;
				IPHONEOS_DEPLOYMENT_TARGET = 13.6;
				MTL_ENABLE_DEBUG_INFO = NO;
				MTL_FAST_MATH = YES;
				SDKROOT = iphoneos;
				SWIFT_COMPILATION_MODE = wholemodule;
				SWIFT_OPTIMIZATION_LEVEL = "-O";
				VALIDATE_PRODUCT = YES;
			};
			name = Release;
		};
		DB2DE27924E7B7C80090C62A /* Debug */ = {
			isa = XCBuildConfiguration;
			baseConfigurationReference = 49CD49A9C162D2A9BD4092E7 /* Pods-ProjectGaruda.debug.xcconfig */;
			buildSettings = {
				ASSETCATALOG_COMPILER_APPICON_NAME = AppIcon;
				CODE_SIGN_STYLE = Automatic;
				DEVELOPMENT_TEAM = ML274YR2DH;
				INFOPLIST_FILE = ProjectGaruda/Info.plist;
				LD_RUNPATH_SEARCH_PATHS = (
					"$(inherited)",
					"@executable_path/Frameworks",
				);
				PRODUCT_BUNDLE_IDENTIFIER = com.glennmelkior.ProjectGaruda;
				PRODUCT_NAME = "$(TARGET_NAME)";
				SWIFT_VERSION = 5.0;
				TARGETED_DEVICE_FAMILY = "1,2";
			};
			name = Debug;
		};
		DB2DE27A24E7B7C80090C62A /* Release */ = {
			isa = XCBuildConfiguration;
			baseConfigurationReference = D9C0F62D907609FF626D5992 /* Pods-ProjectGaruda.release.xcconfig */;
			buildSettings = {
				ASSETCATALOG_COMPILER_APPICON_NAME = AppIcon;
				CODE_SIGN_STYLE = Automatic;
				DEVELOPMENT_TEAM = ML274YR2DH;
				INFOPLIST_FILE = ProjectGaruda/Info.plist;
				LD_RUNPATH_SEARCH_PATHS = (
					"$(inherited)",
					"@executable_path/Frameworks",
				);
				PRODUCT_BUNDLE_IDENTIFIER = com.glennmelkior.ProjectGaruda;
				PRODUCT_NAME = "$(TARGET_NAME)";
				SWIFT_VERSION = 5.0;
				TARGETED_DEVICE_FAMILY = "1,2";
			};
			name = Release;
		};
/* End XCBuildConfiguration section */

/* Begin XCConfigurationList section */
		DB2DE25F24E7B7C40090C62A /* Build configuration list for PBXProject "ProjectGaruda" */ = {
			isa = XCConfigurationList;
			buildConfigurations = (
				DB2DE27624E7B7C80090C62A /* Debug */,
				DB2DE27724E7B7C80090C62A /* Release */,
			);
			defaultConfigurationIsVisible = 0;
			defaultConfigurationName = Release;
		};
		DB2DE27824E7B7C80090C62A /* Build configuration list for PBXNativeTarget "ProjectGaruda" */ = {
			isa = XCConfigurationList;
			buildConfigurations = (
				DB2DE27924E7B7C80090C62A /* Debug */,
				DB2DE27A24E7B7C80090C62A /* Release */,
			);
			defaultConfigurationIsVisible = 0;
			defaultConfigurationName = Release;
		};
/* End XCConfigurationList section */
	};
	rootObject = DB2DE25C24E7B7C40090C62A /* Project object */;
}
