// !$*UTF8*$!
{
	archiveVersion = 1;
	classes = {
	};
	objectVersion = 50;
	objects = {

/* Begin PBXBuildFile section */
		DB2DE26824E7B7C40090C62A /* AppDelegate.swift in Sources */ = {isa = PBXBuildFile; fileRef = DB2DE26724E7B7C40090C62A /* AppDelegate.swift */; };
		DB2DE26A24E7B7C40090C62A /* SceneDelegate.swift in Sources */ = {isa = PBXBuildFile; fileRef = DB2DE26924E7B7C40090C62A /* SceneDelegate.swift */; };
		DB2DE26C24E7B7C40090C62A /* ViewController.swift in Sources */ = {isa = PBXBuildFile; fileRef = DB2DE26B24E7B7C40090C62A /* ViewController.swift */; };
		DB2DE26F24E7B7C40090C62A /* Main.storyboard in Resources */ = {isa = PBXBuildFile; fileRef = DB2DE26D24E7B7C40090C62A /* Main.storyboard */; };
		DB2DE27124E7B7C80090C62A /* Assets.xcassets in Resources */ = {isa = PBXBuildFile; fileRef = DB2DE27024E7B7C70090C62A /* Assets.xcassets */; };
		DB2DE27424E7B7C80090C62A /* LaunchScreen.storyboard in Resources */ = {isa = PBXBuildFile; fileRef = DB2DE27224E7B7C80090C62A /* LaunchScreen.storyboard */; };
/* End PBXBuildFile section */

/* Begin PBXFileReference section */
		DB2DE26424E7B7C40090C62A /* ProjectGaruda.app */ = {isa = PBXFileReference; explicitFileType = wrapper.application; includeInIndex = 0; path = ProjectGaruda.app; sourceTree = BUILT_PRODUCTS_DIR; };
		DB2DE26724E7B7C40090C62A /* AppDelegate.swift */ = {isa = PBXFileReference; lastKnownFileType = sourcecode.swift; path = AppDelegate.swift; sourceTree = "<group>"; };
		DB2DE26924E7B7C40090C62A /* SceneDelegate.swift */ = {isa = PBXFileReference; lastKnownFileType = sourcecode.swift; path = SceneDelegate.swift; sourceTree = "<group>"; };
		DB2DE26B24E7B7C40090C62A /* ViewController.swift */ = {isa = PBXFileReference; lastKnownFileType = sourcecode.swift; path = ViewController.swift; sourceTree = "<group>"; };
		DB2DE26E24E7B7C40090C62A /* Base */ = {isa = PBXFileReference; lastKnownFileType = file.storyboard; name = Base; path = Base.lproj/Main.storyboard; sourceTree = "<group>"; };
		DB2DE27024E7B7C70090C62A /* Assets.xcassets */ = {isa = PBXFileReference; lastKnownFileType = folder.assetcatalog; path = Assets.xcassets; sourceTree = "<group>"; };
		DB2DE27324E7B7C80090C62A /* Base */ = {isa = PBXFileReference; lastKnownFileType = file.storyboard; name = Base; path = Base.lproj/LaunchScreen.storyboard; sourceTree = "<group>"; };
		DB2DE27524E7B7C80090C62A /* Info.plist */ = {isa = PBXFileReference; lastKnownFileType = text.plist.xml; path = Info.plist; sourceTree = "<group>"; };
/* End PBXFileReference section */

/* Begin PBXFrameworksBuildPhase section */
		DB2DE26124E7B7C40090C62A /* Frameworks */ = {
			isa = PBXFrameworksBuildPhase;
			buildActionMask = 2147483647;
			files = (
			);
			runOnlyForDeploymentPostprocessing = 0;
		};
/* End PBXFrameworksBuildPhase section */

/* Begin PBXGroup section */
		DB2DE25B24E7B7C40090C62A = {
			isa = PBXGroup;
			children = (
				DB2DE26624E7B7C40090C62A /* ProjectGaruda */,
				DB2DE26524E7B7C40090C62A /* Products */,
			);
			sourceTree = "<group>";
		};
		DB2DE26524E7B7C40090C62A /* Products */ = {
			isa = PBXGroup;
			children = (
				DB2DE26424E7B7C40090C62A /* ProjectGaruda.app */,
			);
			name = Products;
			sourceTree = "<group>";
		};
		DB2DE26624E7B7C40090C62A /* ProjectGaruda */ = {
			isa = PBXGroup;
			children = (
				DB2DE26724E7B7C40090C62A /* AppDelegate.swift */,
				DB2DE26924E7B7C40090C62A /* SceneDelegate.swift */,
				DB2DE26B24E7B7C40090C62A /* ViewController.swift */,
				DB2DE26D24E7B7C40090C62A /* Main.storyboard */,
				DB2DE27024E7B7C70090C62A /* Assets.xcassets */,
				DB2DE27224E7B7C80090C62A /* LaunchScreen.storyboard */,
				DB2DE27524E7B7C80090C62A /* Info.plist */,
			);
			path = ProjectGaruda;
			sourceTree = "<group>";
		};
/* End PBXGroup section */

/* Begin PBXNativeTarget section */
		DB2DE26324E7B7C40090C62A /* ProjectGaruda */ = {
			isa = PBXNativeTarget;
			buildConfigurationList = DB2DE27824E7B7C80090C62A /* Build configuration list for PBXNativeTarget "ProjectGaruda" */;
			buildPhases = (
				DB2DE26024E7B7C40090C62A /* Sources */,
				DB2DE26124E7B7C40090C62A /* Frameworks */,
				DB2DE26224E7B7C40090C62A /* Resources */,
			);
			buildRules = (
			);
			dependencies = (
			);
			name = ProjectGaruda;
			productName = ProjectGaruda;
			productReference = DB2DE26424E7B7C40090C62A /* ProjectGaruda.app */;
			productType = "com.apple.product-type.application";
		};
/* End PBXNativeTarget section */

/* Begin PBXProject section */
		DB2DE25C24E7B7C40090C62A /* Project object */ = {
			isa = PBXProject;
			attributes = {
				LastSwiftUpdateCheck = 1160;
				LastUpgradeCheck = 1160;
				ORGANIZATIONNAME = "Glenn Melkior";
				TargetAttributes = {
					DB2DE26324E7B7C40090C62A = {
						CreatedOnToolsVersion = 11.6;
					};
				};
			};
			buildConfigurationList = DB2DE25F24E7B7C40090C62A /* Build configuration list for PBXProject "ProjectGaruda" */;
			compatibilityVersion = "Xcode 9.3";
			developmentRegion = en;
			hasScannedForEncodings = 0;
			knownRegions = (
				en,
				Base,
			);
			mainGroup = DB2DE25B24E7B7C40090C62A;
			productRefGroup = DB2DE26524E7B7C40090C62A /* Products */;
			projectDirPath = "";
			projectRoot = "";
			targets = (
				DB2DE26324E7B7C40090C62A /* ProjectGaruda */,
			);
		};
/* End PBXProject section */

/* Begin PBXResourcesBuildPhase section */
		DB2DE26224E7B7C40090C62A /* Resources */ = {
			isa = PBXResourcesBuildPhase;
			buildActionMask = 2147483647;
			files = (
				DB2DE27424E7B7C80090C62A /* LaunchScreen.storyboard in Resources */,
				DB2DE27124E7B7C80090C62A /* Assets.xcassets in Resources */,
				DB2DE26F24E7B7C40090C62A /* Main.storyboard in Resources */,
			);
			runOnlyForDeploymentPostprocessing = 0;
		};
/* End PBXResourcesBuildPhase section */

/* Begin PBXSourcesBuildPhase section */
		DB2DE26024E7B7C40090C62A /* Sources */ = {
			isa = PBXSourcesBuildPhase;
			buildActionMask = 2147483647;
			files = (
				DB2DE26C24E7B7C40090C62A /* ViewController.swift in Sources */,
				DB2DE26824E7B7C40090C62A /* AppDelegate.swift in Sources */,
				DB2DE26A24E7B7C40090C62A /* SceneDelegate.swift in Sources */,
			);
			runOnlyForDeploymentPostprocessing = 0;
		};
/* End PBXSourcesBuildPhase section */

/* Begin PBXVariantGroup section */
		DB2DE26D24E7B7C40090C62A /* Main.storyboard */ = {
			isa = PBXVariantGroup;
			children = (
				DB2DE26E24E7B7C40090C62A /* Base */,
			);
			name = Main.storyboard;
			sourceTree = "<group>";
		};
		DB2DE27224E7B7C80090C62A /* LaunchScreen.storyboard */ = {
			isa = PBXVariantGroup;
			children = (
				DB2DE27324E7B7C80090C62A /* Base */,
			);
			name = LaunchScreen.storyboard;
			sourceTree = "<group>";
		};
/* End PBXVariantGroup section */

/* Begin XCBuildConfiguration section */
		DB2DE27624E7B7C80090C62A /* Debug */ = {
			isa = XCBuildConfiguration;
			buildSettings = {
				ALWAYS_SEARCH_USER_PATHS = NO;
				CLANG_ANALYZER_NONNULL = YES;
				CLANG_ANALYZER_NUMBER_OBJECT_CONVERSION = YES_AGGRESSIVE;
				CLANG_CXX_LANGUAGE_STANDARD = "gnu++14";
				CLANG_CXX_LIBRARY = "libc++";
				CLANG_ENABLE_MODULES = YES;
				CLANG_ENABLE_OBJC_ARC = YES;
				CLANG_ENABLE_OBJC_WEAK = YES;
				CLANG_WARN_BLOCK_CAPTURE_AUTORELEASING = YES;
				CLANG_WARN_BOOL_CONVERSION = YES;
				CLANG_WARN_COMMA = YES;
				CLANG_WARN_CONSTANT_CONVERSION = YES;
				CLANG_WARN_DEPRECATED_OBJC_IMPLEMENTATIONS = YES;
				CLANG_WARN_DIRECT_OBJC_ISA_USAGE = YES_ERROR;
				CLANG_WARN_DOCUMENTATION_COMMENTS = YES;
				CLANG_WARN_EMPTY_BODY = YES;
				CLANG_WARN_ENUM_CONVERSION = YES;
				CLANG_WARN_INFINITE_RECURSION = YES;
				CLANG_WARN_INT_CONVERSION = YES;
				CLANG_WARN_NON_LITERAL_NULL_CONVERSION = YES;
				CLANG_WARN_OBJC_IMPLICIT_RETAIN_SELF = YES;
				CLANG_WARN_OBJC_LITERAL_CONVERSION = YES;
				CLANG_WARN_OBJC_ROOT_CLASS = YES_ERROR;
				CLANG_WARN_RANGE_LOOP_ANALYSIS = YES;
				CLANG_WARN_STRICT_PROTOTYPES = YES;
				CLANG_WARN_SUSPICIOUS_MOVE = YES;
				CLANG_WARN_UNGUARDED_AVAILABILITY = YES_AGGRESSIVE;
				CLANG_WARN_UNREACHABLE_CODE = YES;
				CLANG_WARN__DUPLICATE_METHOD_MATCH = YES;
				COPY_PHASE_STRIP = NO;
				DEBUG_INFORMATION_FORMAT = dwarf;
				ENABLE_STRICT_OBJC_MSGSEND = YES;
				ENABLE_TESTABILITY = YES;
				GCC_C_LANGUAGE_STANDARD = gnu11;
				GCC_DYNAMIC_NO_PIC = NO;
				GCC_NO_COMMON_BLOCKS = YES;
				GCC_OPTIMIZATION_LEVEL = 0;
				GCC_PREPROCESSOR_DEFINITIONS = (
					"DEBUG=1",
					"$(inherited)",
				);
				GCC_WARN_64_TO_32_BIT_CONVERSION = YES;
				GCC_WARN_ABOUT_RETURN_TYPE = YES_ERROR;
				GCC_WARN_UNDECLARED_SELECTOR = YES;
				GCC_WARN_UNINITIALIZED_AUTOS = YES_AGGRESSIVE;
				GCC_WARN_UNUSED_FUNCTION = YES;
				GCC_WARN_UNUSED_VARIABLE = YES;
				IPHONEOS_DEPLOYMENT_TARGET = 13.6;
				MTL_ENABLE_DEBUG_INFO = INCLUDE_SOURCE;
				MTL_FAST_MATH = YES;
				ONLY_ACTIVE_ARCH = YES;
				SDKROOT = iphoneos;
				SWIFT_ACTIVE_COMPILATION_CONDITIONS = DEBUG;
				SWIFT_OPTIMIZATION_LEVEL = "-Onone";
			};
			name = Debug;
		};
		DB2DE27724E7B7C80090C62A /* Release */ = {
			isa = XCBuildConfiguration;
			buildSettings = {
				ALWAYS_SEARCH_USER_PATHS = NO;
				CLANG_ANALYZER_NONNULL = YES;
				CLANG_ANALYZER_NUMBER_OBJECT_CONVERSION = YES_AGGRESSIVE;
				CLANG_CXX_LANGUAGE_STANDARD = "gnu++14";
				CLANG_CXX_LIBRARY = "libc++";
				CLANG_ENABLE_MODULES = YES;
				CLANG_ENABLE_OBJC_ARC = YES;
				CLANG_ENABLE_OBJC_WEAK = YES;
				CLANG_WARN_BLOCK_CAPTURE_AUTORELEASING = YES;
				CLANG_WARN_BOOL_CONVERSION = YES;
				CLANG_WARN_COMMA = YES;
				CLANG_WARN_CONSTANT_CONVERSION = YES;
				CLANG_WARN_DEPRECATED_OBJC_IMPLEMENTATIONS = YES;
				CLANG_WARN_DIRECT_OBJC_ISA_USAGE = YES_ERROR;
				CLANG_WARN_DOCUMENTATION_COMMENTS = YES;
				CLANG_WARN_EMPTY_BODY = YES;
				CLANG_WARN_ENUM_CONVERSION = YES;
				CLANG_WARN_INFINITE_RECURSION = YES;
				CLANG_WARN_INT_CONVERSION = YES;
				CLANG_WARN_NON_LITERAL_NULL_CONVERSION = YES;
				CLANG_WARN_OBJC_IMPLICIT_RETAIN_SELF = YES;
				CLANG_WARN_OBJC_LITERAL_CONVERSION = YES;
				CLANG_WARN_OBJC_ROOT_CLASS = YES_ERROR;
				CLANG_WARN_RANGE_LOOP_ANALYSIS = YES;
				CLANG_WARN_STRICT_PROTOTYPES = YES;
				CLANG_WARN_SUSPICIOUS_MOVE = YES;
				CLANG_WARN_UNGUARDED_AVAILABILITY = YES_AGGRESSIVE;
				CLANG_WARN_UNREACHABLE_CODE = YES;
				CLANG_WARN__DUPLICATE_METHOD_MATCH = YES;
				COPY_PHASE_STRIP = NO;
				DEBUG_INFORMATION_FORMAT = "dwarf-with-dsym";
				ENABLE_NS_ASSERTIONS = NO;
				ENABLE_STRICT_OBJC_MSGSEND = YES;
				GCC_C_LANGUAGE_STANDARD = gnu11;
				GCC_NO_COMMON_BLOCKS = YES;
				GCC_WARN_64_TO_32_BIT_CONVERSION = YES;
				GCC_WARN_ABOUT_RETURN_TYPE = YES_ERROR;
				GCC_WARN_UNDECLARED_SELECTOR = YES;
				GCC_WARN_UNINITIALIZED_AUTOS = YES_AGGRESSIVE;
				GCC_WARN_UNUSED_FUNCTION = YES;
				GCC_WARN_UNUSED_VARIABLE = YES;
				IPHONEOS_DEPLOYMENT_TARGET = 13.6;
				MTL_ENABLE_DEBUG_INFO = NO;
				MTL_FAST_MATH = YES;
				SDKROOT = iphoneos;
				SWIFT_COMPILATION_MODE = wholemodule;
				SWIFT_OPTIMIZATION_LEVEL = "-O";
				VALIDATE_PRODUCT = YES;
			};
			name = Release;
		};
		DB2DE27924E7B7C80090C62A /* Debug */ = {
			isa = XCBuildConfiguration;
			buildSettings = {
				ASSETCATALOG_COMPILER_APPICON_NAME = AppIcon;
				CODE_SIGN_STYLE = Automatic;
				DEVELOPMENT_TEAM = ML274YR2DH;
				INFOPLIST_FILE = ProjectGaruda/Info.plist;
				LD_RUNPATH_SEARCH_PATHS = (
					"$(inherited)",
					"@executable_path/Frameworks",
				);
				PRODUCT_BUNDLE_IDENTIFIER = com.glennmelkior.ProjectGaruda;
				PRODUCT_NAME = "$(TARGET_NAME)";
				SWIFT_VERSION = 5.0;
				TARGETED_DEVICE_FAMILY = "1,2";
			};
			name = Debug;
		};
		DB2DE27A24E7B7C80090C62A /* Release */ = {
			isa = XCBuildConfiguration;
			buildSettings = {
				ASSETCATALOG_COMPILER_APPICON_NAME = AppIcon;
				CODE_SIGN_STYLE = Automatic;
				DEVELOPMENT_TEAM = ML274YR2DH;
				INFOPLIST_FILE = ProjectGaruda/Info.plist;
				LD_RUNPATH_SEARCH_PATHS = (
					"$(inherited)",
					"@executable_path/Frameworks",
				);
				PRODUCT_BUNDLE_IDENTIFIER = com.glennmelkior.ProjectGaruda;
				PRODUCT_NAME = "$(TARGET_NAME)";
				SWIFT_VERSION = 5.0;
				TARGETED_DEVICE_FAMILY = "1,2";
			};
			name = Release;
		};
/* End XCBuildConfiguration section */

/* Begin XCConfigurationList section */
		DB2DE25F24E7B7C40090C62A /* Build configuration list for PBXProject "ProjectGaruda" */ = {
			isa = XCConfigurationList;
			buildConfigurations = (
				DB2DE27624E7B7C80090C62A /* Debug */,
				DB2DE27724E7B7C80090C62A /* Release */,
			);
			defaultConfigurationIsVisible = 0;
			defaultConfigurationName = Release;
		};
		DB2DE27824E7B7C80090C62A /* Build configuration list for PBXNativeTarget "ProjectGaruda" */ = {
			isa = XCConfigurationList;
			buildConfigurations = (
				DB2DE27924E7B7C80090C62A /* Debug */,
				DB2DE27A24E7B7C80090C62A /* Release */,
			);
			defaultConfigurationIsVisible = 0;
			defaultConfigurationName = Release;
		};
/* End XCConfigurationList section */
	};
	rootObject = DB2DE25C24E7B7C40090C62A /* Project object */;
}
